{
  "meteor": {},
  "dependencies": {
    "basePackages": {
      "collectionFS": {},
      "foundation": {},
      "imagemagick": {}
    },
    "packages": {
      "collectionFS": {
        "git": "https://github.com/raix/Meteor-CollectionFS.git",
        "tag": "v0.2.3",
        "commit": "4a1b9298a7ce64269fd14be29d9c4797b9253103"
      },
      "foundation": {
        "git": "https://github.com/ewall/meteor-foundation.git",
        "tag": "v4.2.3",
        "commit": "8e780b8c80c94bf64f1cbd66142dda6b459710bb"
      },
      "imagemagick": {
        "git": "https://github.com/sylvaingi/meteor-imagemagick.git",
        "tag": "v0.1.1",
        "commit": "da8e0f23c2ef456ad6c591430d7898b4c787bde9"
      }
    }
  }
}
