{
  "meteor": {},
  "dependencies": {
    "basePackages": {
      "collectionFS": {},
      "foundation": {}
    },
    "packages": {
      "collectionFS": {
        "git": "https://github.com/raix/Meteor-CollectionFS.git",
        "tag": "v0.2.3",
        "commit": "4a1b9298a7ce64269fd14be29d9c4797b9253103"
      },
      "foundation": {
        "git": "https://github.com/ewall/meteor-foundation.git",
        "tag": "v4.3.0",
        "commit": "db6e505f8662988f6f02e5f445b37c94ad562ed1"
      }
    }
  }
}
